<?xml version="1.0" encoding="utf-8"?>
<Project ToolsVersion="4.0" xmlns="http://schemas.microsoft.com/developer/msbuild/2003">
  <ItemGroup>
    <ClInclude Include="targetver.h" />
    <ClInclude Include="mcv_platform.h" />
    <ClInclude Include="app.h" />
    <ClInclude Include="utils.h" />
    <ClInclude Include="render\render.h">
      <Filter>render</Filter>
    </ClInclude>
    <ClInclude Include="render\shaders.h">
      <Filter>render</Filter>
    </ClInclude>
    <ClInclude Include="render\vertex_declarations.h">
      <Filter>render</Filter>
    </ClInclude>
    <ClInclude Include="render\mesh.h">
      <Filter>render</Filter>
    </ClInclude>
    <ClInclude Include="render\ctes\shader_ctes.h">
      <Filter>render\ctes</Filter>
    </ClInclude>
    <ClInclude Include="render\ctes\shader_platform.h">
      <Filter>render\ctes</Filter>
    </ClInclude>
    <ClInclude Include="camera.h" />
    <ClInclude Include="render\render_utils.h">
      <Filter>render</Filter>
    </ClInclude>
    <ClInclude Include="doom_controller.h" />
    <ClInclude Include="font\font.h">
      <Filter>font</Filter>
    </ClInclude>
    <ClInclude Include="memory\data_provider.h">
      <Filter>memory</Filter>
    </ClInclude>
    <ClInclude Include="items_by_name.h" />
    <ClInclude Include="render\texture.h">
      <Filter>render</Filter>
    </ClInclude>
    <ClInclude Include="ai\ai_basic_patroller.h">
      <Filter>ai</Filter>
    </ClInclude>
    <ClInclude Include="ai\aic_melee_gatekeeper.h">
      <Filter>ai</Filter>
    </ClInclude>
    <ClInclude Include="ai\aicontroller.h">
      <Filter>ai</Filter>
    </ClInclude>
    <ClInclude Include="XMLParser.h" />
    <ClInclude Include="importer_parser.h" />
    <ClInclude Include="physics_manager.h" />
    <ClInclude Include="entity_inspector.h" />
    <ClInclude Include="handle\entity.h">
      <Filter>handle</Filter>
    </ClInclude>
    <ClInclude Include="handle\handle.h">
      <Filter>handle</Filter>
    </ClInclude>
    <ClInclude Include="handle\handle_manager.h">
      <Filter>handle</Filter>
    </ClInclude>
    <ClInclude Include="handle\msgs.h">
      <Filter>handle</Filter>
    </ClInclude>
    <ClInclude Include="handle\objs_manager.h">
      <Filter>handle</Filter>
    </ClInclude>
    <ClInclude Include="entity_manager.h" />
    <ClInclude Include="io\iostatus.h">
      <Filter>io</Filter>
    </ClInclude>
    <ClInclude Include="components\comp_aabb.h">
      <Filter>components</Filter>
    </ClInclude>
    <ClInclude Include="components\comp_camera.h">
      <Filter>components</Filter>
    </ClInclude>
    <ClInclude Include="components\comp_collider.h">
      <Filter>components</Filter>
    </ClInclude>
    <ClInclude Include="components\comp_life.h">
      <Filter>components</Filter>
    </ClInclude>
    <ClInclude Include="components\comp_mesh.h">
      <Filter>components</Filter>
    </ClInclude>
    <ClInclude Include="components\comp_name.h">
      <Filter>components</Filter>
    </ClInclude>
    <ClInclude Include="components\comp_rigid_body.h">
      <Filter>components</Filter>
    </ClInclude>
    <ClInclude Include="components\comp_static_body.h">
      <Filter>components</Filter>
    </ClInclude>
    <ClInclude Include="components\comp_transform.h">
      <Filter>components</Filter>
    </ClInclude>
    <ClInclude Include="components\base_component.h">
      <Filter>components</Filter>
    </ClInclude>
    <ClInclude Include="components\all_components.h">
      <Filter>components</Filter>
    </ClInclude>
    <ClInclude Include="transform.h" />
    <ClInclude Include="components\comp_player_controller.h">
      <Filter>components</Filter>
    </ClInclude>
    <ClInclude Include="components\comp_player_pivot_controller.h">
      <Filter>components</Filter>
    </ClInclude>
    <ClInclude Include="components\comp_camera_pivot_controller.h">
      <Filter>components</Filter>
    </ClInclude>
    <ClInclude Include="components\comp_third_person_camera_controller.h">
      <Filter>components</Filter>
    </ClInclude>
    <ClInclude Include="components\comp_distance_joint.h">
      <Filter>components</Filter>
    </ClInclude>
    <ClInclude Include="components\comp_directional_light.h">
      <Filter>components</Filter>
    </ClInclude>
    <ClInclude Include="handle\app_msgs.h">
      <Filter>handle</Filter>
    </ClInclude>
    <ClInclude Include="components\comp_ambient_light.h">
      <Filter>components</Filter>
    </ClInclude>
    <ClInclude Include="components\comp_point_light.h">
      <Filter>components</Filter>
    </ClInclude>
  </ItemGroup>
  <ItemGroup>
    <ClCompile Include="winmain.cpp" />
    <ClCompile Include="mcv_platform.cpp" />
    <ClCompile Include="app.cpp" />
    <ClCompile Include="utils.cpp" />
    <ClCompile Include="render\render.cpp">
      <Filter>render</Filter>
    </ClCompile>
    <ClCompile Include="render\shaders.cpp">
      <Filter>render</Filter>
    </ClCompile>
    <ClCompile Include="render\vertex_declarations.cpp">
      <Filter>render</Filter>
    </ClCompile>
    <ClCompile Include="render\mesh.cpp">
      <Filter>render</Filter>
    </ClCompile>
    <ClCompile Include="camera.cpp" />
    <ClCompile Include="render\render_utils.cpp">
      <Filter>render</Filter>
    </ClCompile>
    <ClCompile Include="doom_controller.cpp" />
    <ClCompile Include="font\font.cpp">
      <Filter>font</Filter>
    </ClCompile>
    <ClCompile Include="render\texture.cpp">
      <Filter>render</Filter>
    </ClCompile>
    <ClCompile Include="render\DDSTextureLoader.cpp">
      <Filter>render</Filter>
    </ClCompile>
    <ClCompile Include="ai\ai_basic_patroller.cpp">
      <Filter>ai</Filter>
    </ClCompile>
    <ClCompile Include="ai\aic_melee_gatekeeper.cpp">
      <Filter>ai</Filter>
    </ClCompile>
    <ClCompile Include="ai\aicontroller.cpp">
      <Filter>ai</Filter>
    </ClCompile>
    <ClCompile Include="handle\handle.cpp">
      <Filter>handle</Filter>
    </ClCompile>
    <ClCompile Include="XMLParser.cpp" />
    <ClCompile Include="importer_parser.cpp" />
    <ClCompile Include="expat\xmlparse.c">
      <Filter>expat</Filter>
    </ClCompile>
    <ClCompile Include="expat\xmlrole.c">
      <Filter>expat</Filter>
    </ClCompile>
    <ClCompile Include="expat\xmltok.c">
      <Filter>expat</Filter>
    </ClCompile>
    <ClCompile Include="expat\xmltok_impl.c">
      <Filter>expat</Filter>
    </ClCompile>
    <ClCompile Include="expat\xmltok_ns.c">
      <Filter>expat</Filter>
    </ClCompile>
    <ClCompile Include="physics_manager.cpp" />
    <ClCompile Include="entity_inspector.cpp" />
    <ClCompile Include="entity_manager.cpp" />
    <ClCompile Include="io\iostatus.cpp">
      <Filter>io</Filter>
    </ClCompile>
    <ClCompile Include="components\all_components.cpp">
      <Filter>components</Filter>
    </ClCompile>
    <ClCompile Include="handle\entity.cpp" />
  </ItemGroup>
  <ItemGroup>
    <Filter Include="render">
      <UniqueIdentifier>{9a4bd7ef-63a4-4938-be0a-3be6be56534e}</UniqueIdentifier>
    </Filter>
    <Filter Include="render\ctes">
      <UniqueIdentifier>{891f6c5a-ba74-4e02-992b-12d04b1149dc}</UniqueIdentifier>
    </Filter>
    <Filter Include="font">
      <UniqueIdentifier>{cf68130b-bc31-4883-84dd-e943d19c8c73}</UniqueIdentifier>
    </Filter>
    <Filter Include="memory">
      <UniqueIdentifier>{b81c8c00-8f12-4c22-821d-86139dca9f0e}</UniqueIdentifier>
    </Filter>
    <Filter Include="handle">
      <UniqueIdentifier>{3784e6e4-20d1-4a7f-b127-88b6c56f9384}</UniqueIdentifier>
    </Filter>
    <Filter Include="expat">
      <UniqueIdentifier>{53c315d5-b637-43c9-b255-5955106c6230}</UniqueIdentifier>
    </Filter>
    <Filter Include="ai">
      <UniqueIdentifier>{fbceda24-3914-46d4-b638-015953a730f8}</UniqueIdentifier>
    </Filter>
    <Filter Include="io">
      <UniqueIdentifier>{b70b3f42-c6cb-4070-ab96-e5e2079108e9}</UniqueIdentifier>
    </Filter>
    <Filter Include="components">
      <UniqueIdentifier>{be0bcca5-bb86-4f0f-8698-4ce9f80f4cc9}</UniqueIdentifier>
    </Filter>
  </ItemGroup>
  <ItemGroup>
    <Text Include="render\notes.txt" />
  </ItemGroup>
  <ItemGroup>
    <Xml Include="my_file.xml" />
  </ItemGroup>
</Project>